<?xml version="1.0" encoding="utf-8"?>
<Project ToolsVersion="4.0" xmlns="http://schemas.microsoft.com/developer/msbuild/2003">
  <ItemGroup>
    <ClCompile Include="HomeWork0329(Teacher).cpp" />
    <ClCompile Include="ConsoleGameMath.cpp">
      <Filter>Level0</Filter>
    </ClCompile>
    <ClCompile Include="Bullet.cpp">
      <Filter>Lvele2</Filter>
    </ClCompile>
    <ClCompile Include="ConsoleGameScreen.cpp">
      <Filter>Level1</Filter>
    </ClCompile>
    <ClCompile Include="Player.cpp">
      <Filter>Lvele2</Filter>
    </ClCompile>
  </ItemGroup>
  <ItemGroup>
    <Filter Include="Level0">
      <UniqueIdentifier>{54119419-9949-4fdb-854d-5c66d3be3bbc}</UniqueIdentifier>
    </Filter>
    <Filter Include="Level1">
      <UniqueIdentifier>{22208a77-1d55-4344-9397-357274da1ad0}</UniqueIdentifier>
    </Filter>
    <Filter Include="Lvele2">
      <UniqueIdentifier>{d7ac9481-0d34-4b21-8655-7eacdbb6ed9e}</UniqueIdentifier>
    </Filter>
  </ItemGroup>
  <ItemGroup>
    <ClInclude Include="ConsoleGameMath.h">
      <Filter>Level0</Filter>
    </ClInclude>
    <ClInclude Include="Bullet.h">
      <Filter>Lvele2</Filter>
    </ClInclude>
    <ClInclude Include="ConsoleGameScreen.h">
      <Filter>Level1</Filter>
    </ClInclude>
    <ClInclude Include="Player.h">
      <Filter>Lvele2</Filter>
    </ClInclude>
  </ItemGroup>
</Project>