<?xml version="1.0" encoding="utf-8"?>
<Project ToolsVersion="4.0" xmlns="http://schemas.microsoft.com/developer/msbuild/2003">
  <ItemGroup>
    <ClCompile Include="HomeWork0330(Monster).cpp" />
    <ClCompile Include="ConsoleGameMath.cpp">
      <Filter>Level0</Filter>
    </ClCompile>
    <ClCompile Include="ConsoleGameScreen.cpp">
      <Filter>Level1</Filter>
    </ClCompile>
    <ClCompile Include="Bullet.cpp">
      <Filter>Level2</Filter>
    </ClCompile>
    <ClCompile Include="Player.cpp">
      <Filter>Level2</Filter>
    </ClCompile>
    <ClCompile Include="ShootingGame.cpp">
      <Filter>Level3</Filter>
    </ClCompile>
    <ClCompile Include="Monster.cpp">
      <Filter>Level2</Filter>
    </ClCompile>
  </ItemGroup>
  <ItemGroup>
    <ClInclude Include="ConsoleGameMath.h">
      <Filter>Level0</Filter>
    </ClInclude>
    <ClInclude Include="ConsoleGameScreen.h">
      <Filter>Level1</Filter>
    </ClInclude>
    <ClInclude Include="Bullet.h">
      <Filter>Level2</Filter>
    </ClInclude>
    <ClInclude Include="Player.h">
      <Filter>Level2</Filter>
    </ClInclude>
    <ClInclude Include="ShootingGame.h">
      <Filter>Level3</Filter>
    </ClInclude>
    <ClInclude Include="Monster.h">
      <Filter>Level2</Filter>
    </ClInclude>
  </ItemGroup>
  <ItemGroup>
    <Filter Include="Level0">
      <UniqueIdentifier>{732d1182-e4a6-4076-ae5f-6ffa4be77a7c}</UniqueIdentifier>
    </Filter>
    <Filter Include="Level1">
      <UniqueIdentifier>{21d9ff8c-f6a5-4dc0-a5f0-a166b9934948}</UniqueIdentifier>
    </Filter>
    <Filter Include="Level2">
      <UniqueIdentifier>{941e6887-5c64-45e3-a348-ed5fc3682ff3}</UniqueIdentifier>
    </Filter>
    <Filter Include="Level3">
      <UniqueIdentifier>{e7da155d-6391-4d7c-bc15-b13828bc5e73}</UniqueIdentifier>
    </Filter>
  </ItemGroup>
</Project>