
Microsoft Visual Studio Solution File, Format Version 12.00
# Visual Studio Version 17
VisualStudioVersion = 17.5.33424.131
MinimumVisualStudioVersion = 10.0.40219.1
Project("{8BC9CEB8-8B4A-11D0-8D11-00A0C91BC942}") = "HomeWokr0317", "HomeWokr0317\HomeWokr0317.vcxproj", "{BE8996BA-5057-41FF-8C52-F8E2413A3025}"
EndProject
Project("{2150E333-8FDC-42A3-9474-1A3956D46DE8}") = "HomeWork0317", "HomeWork0317", "{0406C3E5-C3EB-4FD6-86E6-F0F7EA33E68C}"
EndProject
Project("{8BC9CEB8-8B4A-11D0-8D11-00A0C91BC942}") = "HomeWork0317(Teacher)", "HomeWork0317(Teacher)\HomeWork0317(Teacher).vcxproj", "{06ED60C4-ABCB-42CC-B3D4-6BB18FE77E92}"
EndProject
Project("{8BC9CEB8-8B4A-11D0-8D11-00A0C91BC942}") = "HomeWork0321", "HomeWork0321\HomeWork0321.vcxproj", "{99D15D7F-A1BE-49C2-B400-8BA9D9A9BBDA}"
EndProject
Project("{2150E333-8FDC-42A3-9474-1A3956D46DE8}") = "HomeWork0321", "HomeWork0321", "{D92ED09E-69C8-4FAF-A166-47593B3AA98F}"
EndProject
Project("{8BC9CEB8-8B4A-11D0-8D11-00A0C91BC942}") = "HomeWork0323", "HomeWork0323\HomeWork0323.vcxproj", "{09807A26-4CFD-4419-823F-9B2FA95CD84A}"
EndProject
Project("{2150E333-8FDC-42A3-9474-1A3956D46DE8}") = "HomeWork0323", "HomeWork0323", "{E23D646B-3646-4D7B-B4BE-957921988D7D}"
EndProject
Project("{8BC9CEB8-8B4A-11D0-8D11-00A0C91BC942}") = "HomeWokr0324", "HomeWokr0324\HomeWokr0324.vcxproj", "{9C611A35-0ED7-48A0-84EC-CAD378648EF4}"
EndProject
Project("{2150E333-8FDC-42A3-9474-1A3956D46DE8}") = "HomeWork0324", "HomeWork0324", "{689BFE49-E47E-45F0-B554-CFC470D5FFAA}"
EndProject
Project("{8BC9CEB8-8B4A-11D0-8D11-00A0C91BC942}") = "HomeWork0323(Teacher)", "HomeWork0323(Teacher)\HomeWork0323(Teacher).vcxproj", "{85FD62C3-0048-4989-A371-F147DBA4D9E2}"
EndProject
Project("{8BC9CEB8-8B4A-11D0-8D11-00A0C91BC942}") = "HomeWork0327", "HomeWork0327\HomeWork0327.vcxproj", "{311E71DB-9E92-4F02-8E8A-93300340DF15}"
EndProject
Global
	GlobalSection(SolutionConfigurationPlatforms) = preSolution
		Debug|x64 = Debug|x64
		Debug|x86 = Debug|x86
		Release|x64 = Release|x64
		Release|x86 = Release|x86
	EndGlobalSection
	GlobalSection(ProjectConfigurationPlatforms) = postSolution
		{BE8996BA-5057-41FF-8C52-F8E2413A3025}.Debug|x64.ActiveCfg = Debug|x64
		{BE8996BA-5057-41FF-8C52-F8E2413A3025}.Debug|x64.Build.0 = Debug|x64
		{BE8996BA-5057-41FF-8C52-F8E2413A3025}.Debug|x86.ActiveCfg = Debug|Win32
		{BE8996BA-5057-41FF-8C52-F8E2413A3025}.Debug|x86.Build.0 = Debug|Win32
		{BE8996BA-5057-41FF-8C52-F8E2413A3025}.Release|x64.ActiveCfg = Release|x64
		{BE8996BA-5057-41FF-8C52-F8E2413A3025}.Release|x64.Build.0 = Release|x64
		{BE8996BA-5057-41FF-8C52-F8E2413A3025}.Release|x86.ActiveCfg = Release|Win32
		{BE8996BA-5057-41FF-8C52-F8E2413A3025}.Release|x86.Build.0 = Release|Win32
		{06ED60C4-ABCB-42CC-B3D4-6BB18FE77E92}.Debug|x64.ActiveCfg = Debug|x64
		{06ED60C4-ABCB-42CC-B3D4-6BB18FE77E92}.Debug|x64.Build.0 = Debug|x64
		{06ED60C4-ABCB-42CC-B3D4-6BB18FE77E92}.Debug|x86.ActiveCfg = Debug|Win32
		{06ED60C4-ABCB-42CC-B3D4-6BB18FE77E92}.Debug|x86.Build.0 = Debug|Win32
		{06ED60C4-ABCB-42CC-B3D4-6BB18FE77E92}.Release|x64.ActiveCfg = Release|x64
		{06ED60C4-ABCB-42CC-B3D4-6BB18FE77E92}.Release|x64.Build.0 = Release|x64
		{06ED60C4-ABCB-42CC-B3D4-6BB18FE77E92}.Release|x86.ActiveCfg = Release|Win32
		{06ED60C4-ABCB-42CC-B3D4-6BB18FE77E92}.Release|x86.Build.0 = Release|Win32
		{99D15D7F-A1BE-49C2-B400-8BA9D9A9BBDA}.Debug|x64.ActiveCfg = Debug|x64
		{99D15D7F-A1BE-49C2-B400-8BA9D9A9BBDA}.Debug|x64.Build.0 = Debug|x64
		{99D15D7F-A1BE-49C2-B400-8BA9D9A9BBDA}.Debug|x86.ActiveCfg = Debug|Win32
		{99D15D7F-A1BE-49C2-B400-8BA9D9A9BBDA}.Debug|x86.Build.0 = Debug|Win32
		{99D15D7F-A1BE-49C2-B400-8BA9D9A9BBDA}.Release|x64.ActiveCfg = Release|x64
		{99D15D7F-A1BE-49C2-B400-8BA9D9A9BBDA}.Release|x64.Build.0 = Release|x64
		{99D15D7F-A1BE-49C2-B400-8BA9D9A9BBDA}.Release|x86.ActiveCfg = Release|Win32
		{99D15D7F-A1BE-49C2-B400-8BA9D9A9BBDA}.Release|x86.Build.0 = Release|Win32
		{09807A26-4CFD-4419-823F-9B2FA95CD84A}.Debug|x64.ActiveCfg = Debug|x64
		{09807A26-4CFD-4419-823F-9B2FA95CD84A}.Debug|x64.Build.0 = Debug|x64
		{09807A26-4CFD-4419-823F-9B2FA95CD84A}.Debug|x86.ActiveCfg = Debug|Win32
		{09807A26-4CFD-4419-823F-9B2FA95CD84A}.Debug|x86.Build.0 = Debug|Win32
		{09807A26-4CFD-4419-823F-9B2FA95CD84A}.Release|x64.ActiveCfg = Release|x64
		{09807A26-4CFD-4419-823F-9B2FA95CD84A}.Release|x64.Build.0 = Release|x64
		{09807A26-4CFD-4419-823F-9B2FA95CD84A}.Release|x86.ActiveCfg = Release|Win32
		{09807A26-4CFD-4419-823F-9B2FA95CD84A}.Release|x86.Build.0 = Release|Win32
		{9C611A35-0ED7-48A0-84EC-CAD378648EF4}.Debug|x64.ActiveCfg = Debug|x64
		{9C611A35-0ED7-48A0-84EC-CAD378648EF4}.Debug|x64.Build.0 = Debug|x64
		{9C611A35-0ED7-48A0-84EC-CAD378648EF4}.Debug|x86.ActiveCfg = Debug|Win32
		{9C611A35-0ED7-48A0-84EC-CAD378648EF4}.Debug|x86.Build.0 = Debug|Win32
		{9C611A35-0ED7-48A0-84EC-CAD378648EF4}.Release|x64.ActiveCfg = Release|x64
		{9C611A35-0ED7-48A0-84EC-CAD378648EF4}.Release|x64.Build.0 = Release|x64
		{9C611A35-0ED7-48A0-84EC-CAD378648EF4}.Release|x86.ActiveCfg = Release|Win32
		{9C611A35-0ED7-48A0-84EC-CAD378648EF4}.Release|x86.Build.0 = Release|Win32
		{85FD62C3-0048-4989-A371-F147DBA4D9E2}.Debug|x64.ActiveCfg = Debug|x64
		{85FD62C3-0048-4989-A371-F147DBA4D9E2}.Debug|x64.Build.0 = Debug|x64
		{85FD62C3-0048-4989-A371-F147DBA4D9E2}.Debug|x86.ActiveCfg = Debug|Win32
		{85FD62C3-0048-4989-A371-F147DBA4D9E2}.Debug|x86.Build.0 = Debug|Win32
		{85FD62C3-0048-4989-A371-F147DBA4D9E2}.Release|x64.ActiveCfg = Release|x64
		{85FD62C3-0048-4989-A371-F147DBA4D9E2}.Release|x64.Build.0 = Release|x64
		{85FD62C3-0048-4989-A371-F147DBA4D9E2}.Release|x86.ActiveCfg = Release|Win32
		{85FD62C3-0048-4989-A371-F147DBA4D9E2}.Release|x86.Build.0 = Release|Win32
		{311E71DB-9E92-4F02-8E8A-93300340DF15}.Debug|x64.ActiveCfg = Debug|x64
		{311E71DB-9E92-4F02-8E8A-93300340DF15}.Debug|x64.Build.0 = Debug|x64
		{311E71DB-9E92-4F02-8E8A-93300340DF15}.Debug|x86.ActiveCfg = Debug|Win32
		{311E71DB-9E92-4F02-8E8A-93300340DF15}.Debug|x86.Build.0 = Debug|Win32
		{311E71DB-9E92-4F02-8E8A-93300340DF15}.Release|x64.ActiveCfg = Release|x64
		{311E71DB-9E92-4F02-8E8A-93300340DF15}.Release|x64.Build.0 = Release|x64
		{311E71DB-9E92-4F02-8E8A-93300340DF15}.Release|x86.ActiveCfg = Release|Win32
		{311E71DB-9E92-4F02-8E8A-93300340DF15}.Release|x86.Build.0 = Release|Win32
	EndGlobalSection
	GlobalSection(SolutionProperties) = preSolution
		HideSolutionNode = FALSE
	EndGlobalSection
	GlobalSection(NestedProjects) = preSolution
		{BE8996BA-5057-41FF-8C52-F8E2413A3025} = {0406C3E5-C3EB-4FD6-86E6-F0F7EA33E68C}
		{06ED60C4-ABCB-42CC-B3D4-6BB18FE77E92} = {0406C3E5-C3EB-4FD6-86E6-F0F7EA33E68C}
		{99D15D7F-A1BE-49C2-B400-8BA9D9A9BBDA} = {D92ED09E-69C8-4FAF-A166-47593B3AA98F}
		{09807A26-4CFD-4419-823F-9B2FA95CD84A} = {E23D646B-3646-4D7B-B4BE-957921988D7D}
		{9C611A35-0ED7-48A0-84EC-CAD378648EF4} = {689BFE49-E47E-45F0-B554-CFC470D5FFAA}
		{85FD62C3-0048-4989-A371-F147DBA4D9E2} = {E23D646B-3646-4D7B-B4BE-957921988D7D}
	EndGlobalSection
	GlobalSection(ExtensibilityGlobals) = postSolution
		SolutionGuid = {D1EB51B1-6BD5-4AE2-B4BA-3516A2C3202D}
	EndGlobalSection
EndGlobal
